
Microsoft Visual Studio Solution File, Format Version 12.00
Project("{FAE04EC0-301F-11D3-BF4B-00C04F79EFBC}") = "Playground", "Playground\Playground.csproj", "{AE0E064B-793F-4212-863B-B6B0D66FCC6B}"
EndProject
Global
	GlobalSection(SolutionConfigurationPlatforms) = preSolution
		Debug|Any CPU = Debug|Any CPU
		Release|Any CPU = Release|Any CPU
	EndGlobalSection
	GlobalSection(ProjectConfigurationPlatforms) = postSolution
		{AE0E064B-793F-4212-863B-B6B0D66FCC6B}.Debug|Any CPU.ActiveCfg = Debug|Any CPU
		{AE0E064B-793F-4212-863B-B6B0D66FCC6B}.Debug|Any CPU.Build.0 = Debug|Any CPU
		{AE0E064B-793F-4212-863B-B6B0D66FCC6B}.Release|Any CPU.ActiveCfg = Release|Any CPU
		{AE0E064B-793F-4212-863B-B6B0D66FCC6B}.Release|Any CPU.Build.0 = Release|Any CPU
	EndGlobalSection
EndGlobal
